
Microsoft Visual Studio Solution File, Format Version 12.00
# Visual Studio 15
VisualStudioVersion = 15.0.28307.645
MinimumVisualStudioVersion = 10.0.40219.1
Project("{FAE04EC0-301F-11D3-BF4B-00C04F79EFBC}") = "SmallTrade", "SmallTrade\SmallTrade.csproj", "{EC618143-F19E-4196-B8AC-C80C07C790B7}"
EndProject
Global
	GlobalSection(SolutionConfigurationPlatforms) = preSolution
		Debug|Any CPU = Debug|Any CPU
		Release|Any CPU = Release|Any CPU
	EndGlobalSection
	GlobalSection(ProjectConfigurationPlatforms) = postSolution
		{EC618143-F19E-4196-B8AC-C80C07C790B7}.Debug|Any CPU.ActiveCfg = Debug|Any CPU
		{EC618143-F19E-4196-B8AC-C80C07C790B7}.Debug|Any CPU.Build.0 = Debug|Any CPU
		{EC618143-F19E-4196-B8AC-C80C07C790B7}.Release|Any CPU.ActiveCfg = Release|Any CPU
		{EC618143-F19E-4196-B8AC-C80C07C790B7}.Release|Any CPU.Build.0 = Release|Any CPU
	EndGlobalSection
	GlobalSection(SolutionProperties) = preSolution
		HideSolutionNode = FALSE
	EndGlobalSection
	GlobalSection(ExtensibilityGlobals) = postSolution
		SolutionGuid = {67125B37-56FA-4A05-A3DD-92D72079050C}
	EndGlobalSection
EndGlobal
